
Microsoft Visual Studio Solution File, Format Version 12.00
# Visual Studio Version 16
VisualStudioVersion = 16.0.30413.136
MinimumVisualStudioVersion = 10.0.40219.1
Project("{FAE04EC0-301F-11D3-BF4B-00C04F79EFBC}") = "HelloWorldConsole", "HelloWorldConsole\HelloWorldConsole.csproj", "{A40180CE-1AE2-430B-AD14-50FF67F1C028}"
EndProject
Global
	GlobalSection(SolutionConfigurationPlatforms) = preSolution
		Debug|Any CPU = Debug|Any CPU
		Release|Any CPU = Release|Any CPU
	EndGlobalSection
	GlobalSection(ProjectConfigurationPlatforms) = postSolution
		{A40180CE-1AE2-430B-AD14-50FF67F1C028}.Debug|Any CPU.ActiveCfg = Debug|Any CPU
		{A40180CE-1AE2-430B-AD14-50FF67F1C028}.Debug|Any CPU.Build.0 = Debug|Any CPU
		{A40180CE-1AE2-430B-AD14-50FF67F1C028}.Release|Any CPU.ActiveCfg = Release|Any CPU
		{A40180CE-1AE2-430B-AD14-50FF67F1C028}.Release|Any CPU.Build.0 = Release|Any CPU
	EndGlobalSection
	GlobalSection(SolutionProperties) = preSolution
		HideSolutionNode = FALSE
	EndGlobalSection
	GlobalSection(ExtensibilityGlobals) = postSolution
		SolutionGuid = {A8F12AFB-D09B-4769-A571-04B10FF264C0}
	EndGlobalSection
EndGlobal
